// !$*UTF8*$!
{
	archiveVersion = 1;
	classes = {
	};
	objectVersion = 46;
	objects = {

/* Begin PBXBuildFile section */
		D311E3C41BDB9347001F1D7E /* AppDelegate.swift in Sources */ = {isa = PBXBuildFile; fileRef = D311E3C31BDB9347001F1D7E /* AppDelegate.swift */; };
		D311E3C61BDB9347001F1D7E /* Assets.xcassets in Resources */ = {isa = PBXBuildFile; fileRef = D311E3C51BDB9347001F1D7E /* Assets.xcassets */; };
		D311E3C91BDB9347001F1D7E /* MainMenu.xib in Resources */ = {isa = PBXBuildFile; fileRef = D311E3C71BDB9347001F1D7E /* MainMenu.xib */; };
/* End PBXBuildFile section */

/* Begin PBXFileReference section */
		D311E3C01BDB9347001F1D7E /* Broadband Usage Meter.app */ = {isa = PBXFileReference; explicitFileType = wrapper.application; includeInIndex = 0; path = "Broadband Usage Meter.app"; sourceTree = BUILT_PRODUCTS_DIR; };
		D311E3C31BDB9347001F1D7E /* AppDelegate.swift */ = {isa = PBXFileReference; lastKnownFileType = sourcecode.swift; path = AppDelegate.swift; sourceTree = "<group>"; };
		D311E3C51BDB9347001F1D7E /* Assets.xcassets */ = {isa = PBXFileReference; lastKnownFileType = folder.assetcatalog; path = Assets.xcassets; sourceTree = "<group>"; };
		D311E3C81BDB9347001F1D7E /* Base */ = {isa = PBXFileReference; lastKnownFileType = file.xib; name = Base; path = Base.lproj/MainMenu.xib; sourceTree = "<group>"; };
		D311E3CA1BDB9347001F1D7E /* Info.plist */ = {isa = PBXFileReference; lastKnownFileType = text.plist.xml; path = Info.plist; sourceTree = "<group>"; };
/* End PBXFileReference section */

/* Begin PBXFrameworksBuildPhase section */
		D311E3BD1BDB9347001F1D7E /* Frameworks */ = {
			isa = PBXFrameworksBuildPhase;
			buildActionMask = 2147483647;
			files = (
			);
			runOnlyForDeploymentPostprocessing = 0;
		};
/* End PBXFrameworksBuildPhase section */

/* Begin PBXGroup section */
		D311E3B71BDB9346001F1D7E = {
			isa = PBXGroup;
			children = (
				D311E3C21BDB9347001F1D7E /* Broadband Usage Meter */,
				D311E3C11BDB9347001F1D7E /* Products */,
			);
			sourceTree = "<group>";
		};
		D311E3C11BDB9347001F1D7E /* Products */ = {
			isa = PBXGroup;
			children = (
				D311E3C01BDB9347001F1D7E /* Broadband Usage Meter.app */,
			);
			name = Products;
			sourceTree = "<group>";
		};
		D311E3C21BDB9347001F1D7E /* Broadband Usage Meter */ = {
			isa = PBXGroup;
			children = (
				D311E3C31BDB9347001F1D7E /* AppDelegate.swift */,
				D311E3C51BDB9347001F1D7E /* Assets.xcassets */,
				D311E3C71BDB9347001F1D7E /* MainMenu.xib */,
				D311E3CA1BDB9347001F1D7E /* Info.plist */,
			);
			path = "Broadband Usage Meter";
			sourceTree = "<group>";
		};
/* End PBXGroup section */

/* Begin PBXNativeTarget section */
		D311E3BF1BDB9347001F1D7E /* Broadband Usage Meter */ = {
			isa = PBXNativeTarget;
			buildConfigurationList = D311E3CD1BDB9347001F1D7E /* Build configuration list for PBXNativeTarget "Broadband Usage Meter" */;
			buildPhases = (
				D311E3BC1BDB9347001F1D7E /* Sources */,
				D311E3BD1BDB9347001F1D7E /* Frameworks */,
				D311E3BE1BDB9347001F1D7E /* Resources */,
			);
			buildRules = (
			);
			dependencies = (
			);
			name = "Broadband Usage Meter";
			productName = "Broadband Usage Meter";
			productReference = D311E3C01BDB9347001F1D7E /* Broadband Usage Meter.app */;
			productType = "com.apple.product-type.application";
		};
/* End PBXNativeTarget section */

/* Begin PBXProject section */
		D311E3B81BDB9346001F1D7E /* Project object */ = {
			isa = PBXProject;
			attributes = {
				LastUpgradeCheck = 0710;
				ORGANIZATIONNAME = BitInvent;
				TargetAttributes = {
					D311E3BF1BDB9347001F1D7E = {
						CreatedOnToolsVersion = 7.1;
					};
				};
			};
			buildConfigurationList = D311E3BB1BDB9346001F1D7E /* Build configuration list for PBXProject "Broadband Usage Meter" */;
			compatibilityVersion = "Xcode 3.2";
			developmentRegion = English;
			hasScannedForEncodings = 0;
			knownRegions = (
				en,
				Base,
			);
			mainGroup = D311E3B71BDB9346001F1D7E;
			productRefGroup = D311E3C11BDB9347001F1D7E /* Products */;
			projectDirPath = "";
			projectRoot = "";
			targets = (
				D311E3BF1BDB9347001F1D7E /* Broadband Usage Meter */,
			);
		};
/* End PBXProject section */

/* Begin PBXResourcesBuildPhase section */
		D311E3BE1BDB9347001F1D7E /* Resources */ = {
			isa = PBXResourcesBuildPhase;
			buildActionMask = 2147483647;
			files = (
				D311E3C61BDB9347001F1D7E /* Assets.xcassets in Resources */,
				D311E3C91BDB9347001F1D7E /* MainMenu.xib in Resources */,
			);
			runOnlyForDeploymentPostprocessing = 0;
		};
/* End PBXResourcesBuildPhase section */

/* Begin PBXSourcesBuildPhase section */
		D311E3BC1BDB9347001F1D7E /* Sources */ = {
			isa = PBXSourcesBuildPhase;
			buildActionMask = 2147483647;
			files = (
				D311E3C41BDB9347001F1D7E /* AppDelegate.swift in Sources */,
			);
			runOnlyForDeploymentPostprocessing = 0;
		};
/* End PBXSourcesBuildPhase section */

/* Begin PBXVariantGroup section */
		D311E3C71BDB9347001F1D7E /* MainMenu.xib */ = {
			isa = PBXVariantGroup;
			children = (
				D311E3C81BDB9347001F1D7E /* Base */,
			);
			name = MainMenu.xib;
			sourceTree = "<group>";
		};
/* End PBXVariantGroup section */

/* Begin XCBuildConfiguration section */
		D311E3CB1BDB9347001F1D7E /* Debug */ = {
			isa = XCBuildConfiguration;
			buildSettings = {
				ALWAYS_SEARCH_USER_PATHS = NO;
				CLANG_CXX_LANGUAGE_STANDARD = "gnu++0x";
				CLANG_CXX_LIBRARY = "libc++";
				CLANG_ENABLE_MODULES = YES;
				CLANG_ENABLE_OBJC_ARC = YES;
				CLANG_WARN_BOOL_CONVERSION = YES;
				CLANG_WARN_CONSTANT_CONVERSION = YES;
				CLANG_WARN_DIRECT_OBJC_ISA_USAGE = YES_ERROR;
				CLANG_WARN_EMPTY_BODY = YES;
				CLANG_WARN_ENUM_CONVERSION = YES;
				CLANG_WARN_INT_CONVERSION = YES;
				CLANG_WARN_OBJC_ROOT_CLASS = YES_ERROR;
				CLANG_WARN_UNREACHABLE_CODE = YES;
				CLANG_WARN__DUPLICATE_METHOD_MATCH = YES;
				CODE_SIGN_IDENTITY = "-";
				COPY_PHASE_STRIP = NO;
				DEBUG_INFORMATION_FORMAT = dwarf;
				ENABLE_STRICT_OBJC_MSGSEND = YES;
				ENABLE_TESTABILITY = YES;
				GCC_C_LANGUAGE_STANDARD = gnu99;
				GCC_DYNAMIC_NO_PIC = NO;
				GCC_NO_COMMON_BLOCKS = YES;
				GCC_OPTIMIZATION_LEVEL = 0;
				GCC_PREPROCESSOR_DEFINITIONS = (
					"DEBUG=1",
					"$(inherited)",
				);
				GCC_WARN_64_TO_32_BIT_CONVERSION = YES;
				GCC_WARN_ABOUT_RETURN_TYPE = YES_ERROR;
				GCC_WARN_UNDECLARED_SELECTOR = YES;
				GCC_WARN_UNINITIALIZED_AUTOS = YES_AGGRESSIVE;
				GCC_WARN_UNUSED_FUNCTION = YES;
				GCC_WARN_UNUSED_VARIABLE = YES;
				MACOSX_DEPLOYMENT_TARGET = 10.11;
				MTL_ENABLE_DEBUG_INFO = YES;
				ONLY_ACTIVE_ARCH = YES;
				SDKROOT = macosx;
				SWIFT_OPTIMIZATION_LEVEL = "-Onone";
			};
			name = Debug;
		};
		D311E3CC1BDB9347001F1D7E /* Release */ = {
			isa = XCBuildConfiguration;
			buildSettings = {
				ALWAYS_SEARCH_USER_PATHS = NO;
				CLANG_CXX_LANGUAGE_STANDARD = "gnu++0x";
				CLANG_CXX_LIBRARY = "libc++";
				CLANG_ENABLE_MODULES = YES;
				CLANG_ENABLE_OBJC_ARC = YES;
				CLANG_WARN_BOOL_CONVERSION = YES;
				CLANG_WARN_CONSTANT_CONVERSION = YES;
				CLANG_WARN_DIRECT_OBJC_ISA_USAGE = YES_ERROR;
				CLANG_WARN_EMPTY_BODY = YES;
				CLANG_WARN_ENUM_CONVERSION = YES;
				CLANG_WARN_INT_CONVERSION = YES;
				CLANG_WARN_OBJC_ROOT_CLASS = YES_ERROR;
				CLANG_WARN_UNREACHABLE_CODE = YES;
				CLANG_WARN__DUPLICATE_METHOD_MATCH = YES;
				CODE_SIGN_IDENTITY = "-";
				COPY_PHASE_STRIP = NO;
				DEBUG_INFORMATION_FORMAT = "dwarf-with-dsym";
				ENABLE_NS_ASSERTIONS = NO;
				ENABLE_STRICT_OBJC_MSGSEND = YES;
				GCC_C_LANGUAGE_STANDARD = gnu99;
				GCC_NO_COMMON_BLOCKS = YES;
				GCC_WARN_64_TO_32_BIT_CONVERSION = YES;
				GCC_WARN_ABOUT_RETURN_TYPE = YES_ERROR;
				GCC_WARN_UNDECLARED_SELECTOR = YES;
				GCC_WARN_UNINITIALIZED_AUTOS = YES_AGGRESSIVE;
				GCC_WARN_UNUSED_FUNCTION = YES;
				GCC_WARN_UNUSED_VARIABLE = YES;
				MACOSX_DEPLOYMENT_TARGET = 10.11;
				MTL_ENABLE_DEBUG_INFO = NO;
				SDKROOT = macosx;
			};
			name = Release;
		};
		D311E3CE1BDB9347001F1D7E /* Debug */ = {
			isa = XCBuildConfiguration;
			buildSettings = {
				ASSETCATALOG_COMPILER_APPICON_NAME = AppIcon;
				COMBINE_HIDPI_IMAGES = YES;
				INFOPLIST_FILE = "Broadband Usage Meter/Info.plist";
				LD_RUNPATH_SEARCH_PATHS = "$(inherited) @executable_path/../Frameworks";
				MACOSX_DEPLOYMENT_TARGET = 10.9;
				PRODUCT_BUNDLE_IDENTIFIER = "io.bitinvent.Broadband-Usage-Meter";
				PRODUCT_NAME = "$(TARGET_NAME)";
			};
			name = Debug;
		};
		D311E3CF1BDB9347001F1D7E /* Release */ = {
			isa = XCBuildConfiguration;
			buildSettings = {
				ASSETCATALOG_COMPILER_APPICON_NAME = AppIcon;
				COMBINE_HIDPI_IMAGES = YES;
				INFOPLIST_FILE = "Broadband Usage Meter/Info.plist";
				LD_RUNPATH_SEARCH_PATHS = "$(inherited) @executable_path/../Frameworks";
				MACOSX_DEPLOYMENT_TARGET = 10.9;
				PRODUCT_BUNDLE_IDENTIFIER = "io.bitinvent.Broadband-Usage-Meter";
				PRODUCT_NAME = "$(TARGET_NAME)";
			};
			name = Release;
		};
/* End XCBuildConfiguration section */

/* Begin XCConfigurationList section */
		D311E3BB1BDB9346001F1D7E /* Build configuration list for PBXProject "Broadband Usage Meter" */ = {
			isa = XCConfigurationList;
			buildConfigurations = (
				D311E3CB1BDB9347001F1D7E /* Debug */,
				D311E3CC1BDB9347001F1D7E /* Release */,
			);
			defaultConfigurationIsVisible = 0;
			defaultConfigurationName = Release;
		};
		D311E3CD1BDB9347001F1D7E /* Build configuration list for PBXNativeTarget "Broadband Usage Meter" */ = {
			isa = XCConfigurationList;
			buildConfigurations = (
				D311E3CE1BDB9347001F1D7E /* Debug */,
				D311E3CF1BDB9347001F1D7E /* Release */,
			);
			defaultConfigurationIsVisible = 0;
			defaultConfigurationName = Release;
		};
/* End XCConfigurationList section */
	};
	rootObject = D311E3B81BDB9346001F1D7E /* Project object */;
}
